
Microsoft Visual Studio Solution File, Format Version 12.00
# Visual Studio Version 17
VisualStudioVersion = 17.3.32825.248
MinimumVisualStudioVersion = 10.0.40219.1
Project("{9A19103F-16F7-4668-BE54-9A1E7A4F7556}") = "Tc.Abp.AspNetCore.Components.Server", "src\Tc.Abp.AspNetCore.Components.Server\Tc.Abp.AspNetCore.Components.Server.csproj", "{C367092C-11B8-4514-A72E-BAEF5BF62149}"
EndProject
Project("{9A19103F-16F7-4668-BE54-9A1E7A4F7556}") = "Tc.Abp.AspNetCore.Components.WebAssembly", "src\Tc.Abp.AspNetCore.Components.WebAssembly\Tc.Abp.AspNetCore.Components.WebAssembly.csproj", "{4D94F07F-EC4D-4F07-88D7-070478CFC1C6}"
EndProject
Project("{2150E333-8FDC-42A3-9474-1A3956D46DE8}") = "MudBlazor", "MudBlazor", "{5B73DF27-62A2-4FB3-9828-36E9A661405D}"
EndProject
Project("{9A19103F-16F7-4668-BE54-9A1E7A4F7556}") = "Tc.Abp.AspNetCore.UI.MudBlazor", "src\Tc.Abp.AspNetCore.UI.MudBlazor\Tc.Abp.AspNetCore.UI.MudBlazor.csproj", "{61DEF20E-1876-483B-A081-87F563CA9EFA}"
EndProject
Project("{9A19103F-16F7-4668-BE54-9A1E7A4F7556}") = "Tc.Abp.AspNetCore.UI.MudBlazor.Server", "src\Tc.Abp.AspNetCore.UI.MudBlazor.Server\Tc.Abp.AspNetCore.UI.MudBlazor.Server.csproj", "{30C8BE8D-06D3-42DA-B644-46F8ACEE6BD6}"
EndProject
Project("{9A19103F-16F7-4668-BE54-9A1E7A4F7556}") = "Tc.Abp.AspNetCore.UI.MudBlazor.WebAssembly", "src\Tc.Abp.AspNetCore.UI.MudBlazor.WebAssembly\Tc.Abp.AspNetCore.UI.MudBlazor.WebAssembly.csproj", "{F998B192-5A96-4981-8CDB-4F90A269151F}"
EndProject
Project("{2150E333-8FDC-42A3-9474-1A3956D46DE8}") = "Radzen", "Radzen", "{3F12EA85-F10A-402A-B48F-FC3D4C16B463}"
EndProject
Project("{2150E333-8FDC-42A3-9474-1A3956D46DE8}") = "Providers", "Providers", "{10573898-C27B-4314-9809-91427FF9CBA5}"
EndProject
Project("{9A19103F-16F7-4668-BE54-9A1E7A4F7556}") = "Tc.Abp.AspNetCore.UI.Radzen", "src\Tc.Abp.AspNetCore.UI.Radzen\Tc.Abp.AspNetCore.UI.Radzen.csproj", "{8C1CF319-D5C6-4D86-91EB-F327C1087473}"
EndProject
Project("{2150E333-8FDC-42A3-9474-1A3956D46DE8}") = "BootstrapBlazor", "BootstrapBlazor", "{A305BECD-B3CE-4EFE-819C-A2771B1C4471}"
EndProject
Project("{9A19103F-16F7-4668-BE54-9A1E7A4F7556}") = "Tc.Abp.AspNetCore.UI.Radzen.Server", "src\Tc.Abp.AspNetCore.UI.Radzen.Server\Tc.Abp.AspNetCore.UI.Radzen.Server.csproj", "{9B88557B-5D5B-485A-87EC-BAC6064E2B4E}"
EndProject
Project("{9A19103F-16F7-4668-BE54-9A1E7A4F7556}") = "Tc.Abp.AspNetCore.UI.Radzen.WebAssembly", "src\Tc.Abp.AspNetCore.UI.Radzen.WebAssembly\Tc.Abp.AspNetCore.UI.Radzen.WebAssembly.csproj", "{196A25F1-4B2E-4D2F-9D78-FBB071D6B613}"
EndProject
Project("{2150E333-8FDC-42A3-9474-1A3956D46DE8}") = "MasaBlazor", "MasaBlazor", "{6B2E390B-8B4E-4C18-93D9-D171D64C0264}"
EndProject
Project("{9A19103F-16F7-4668-BE54-9A1E7A4F7556}") = "Tc.Abp.AspNetCore.UI.MasaBlazor", "src\Tc.Abp.AspNetCore.UI.MasaBlazor\Tc.Abp.AspNetCore.UI.MasaBlazor.csproj", "{74953A78-862A-47C2-A30A-25B13BE174A1}"
EndProject
Project("{9A19103F-16F7-4668-BE54-9A1E7A4F7556}") = "Tc.Abp.AspNetCore.UI.MasaBlazor.Server", "src\Tc.Abp.AspNetCore.UI.MasaBlazor.Server\Tc.Abp.AspNetCore.UI.MasaBlazor.Server.csproj", "{CE394D42-5DE3-4323-AB42-868B6DFE8A90}"
EndProject
Project("{9A19103F-16F7-4668-BE54-9A1E7A4F7556}") = "Tc.Abp.AspNetCore.UI.MasaBlazor.WebAssembly", "src\Tc.Abp.AspNetCore.UI.MasaBlazor.WebAssembly\Tc.Abp.AspNetCore.UI.MasaBlazor.WebAssembly.csproj", "{651CFDEA-86DD-4126-B310-0D44ED3821BC}"
EndProject
Project("{2150E333-8FDC-42A3-9474-1A3956D46DE8}") = "AntDesign", "AntDesign", "{8BC73211-226F-4317-AF57-486EFFA112A7}"
EndProject
Project("{2150E333-8FDC-42A3-9474-1A3956D46DE8}") = "src", "src", "{D591FBD3-A696-47EA-85BE-C2F0CDADC909}"
EndProject
Project("{2150E333-8FDC-42A3-9474-1A3956D46DE8}") = "samples", "samples", "{C37D0D30-9521-4556-A94F-92B42067E10C}"
EndProject
Project("{9A19103F-16F7-4668-BE54-9A1E7A4F7556}") = "MyCompanyName.MyProjectName.Blazor.Shared", "templates\app-nolayers\aspnet-core\MyCompanyName.MyProjectName.Blazor.Shared\MyCompanyName.MyProjectName.Blazor.Shared.csproj", "{5F76E0A8-5FB9-4094-91B8-8E3A35B68CE9}"
EndProject
Project("{9A19103F-16F7-4668-BE54-9A1E7A4F7556}") = "MyCompanyName.MyProjectName.Blazor.Server.Host", "templates\app-nolayers\aspnet-core\MyCompanyName.MyProjectName.Blazor.Server.Host\MyCompanyName.MyProjectName.Blazor.Server.Host.csproj", "{F16E860B-AF48-410B-BEAA-334EAF5E744B}"
EndProject
Project("{9A19103F-16F7-4668-BE54-9A1E7A4F7556}") = "MyCompanyName.MyProjectName.Host", "templates\app-nolayers\aspnet-core\MyCompanyName.MyProjectName.Host\MyCompanyName.MyProjectName.Host.csproj", "{63C82BAB-0DE6-4E63-B50A-9111C48D7FD7}"
EndProject
Project("{9A19103F-16F7-4668-BE54-9A1E7A4F7556}") = "MyCompanyName.MyProjectName.Blazor", "templates\app-nolayers\aspnet-core\MyCompanyName.MyProjectName.Blazor\MyCompanyName.MyProjectName.Blazor.csproj", "{4002953B-7F20-4DAD-BF2B-F410EE01DEBE}"
EndProject
Project("{9A19103F-16F7-4668-BE54-9A1E7A4F7556}") = "MyCompanyName.MyProjectName.MauiBlazor", "templates\app-nolayers\aspnet-core\MyCompanyName.MyProjectName.MauiBlazor\MyCompanyName.MyProjectName.MauiBlazor.csproj", "{271E3B94-BAA2-48B0-9FA6-7412663985DD}"
EndProject
Project("{9A19103F-16F7-4668-BE54-9A1E7A4F7556}") = "Tc.Abp.AspNetCore", "src\Tc.Abp.AspNetCore\Tc.Abp.AspNetCore.csproj", "{A05BA3FC-4997-4968-A2AC-24BEBDB7C616}"
EndProject
Project("{9A19103F-16F7-4668-BE54-9A1E7A4F7556}") = "Tc.Abp.AspNetCore.UI.AntDesign", "src\Tc.Abp.AspNetCore.UI.AntDesign\Tc.Abp.AspNetCore.UI.AntDesign.csproj", "{0476B2E9-DEEC-401A-8933-599E74BC5830}"
EndProject
Project("{9A19103F-16F7-4668-BE54-9A1E7A4F7556}") = "Tc.Abp.AspNetCore.UI.AntDesign.Server", "src\Tc.Abp.AspNetCore.UI.AntDesign.Server\Tc.Abp.AspNetCore.UI.AntDesign.Server.csproj", "{EF85EB33-B488-436D-BE3A-30E5F796AF14}"
EndProject
Project("{9A19103F-16F7-4668-BE54-9A1E7A4F7556}") = "Tc.Abp.AspNetCore.UI.AntDesign.WebAssembly", "src\Tc.Abp.AspNetCore.UI.AntDesign.WebAssembly\Tc.Abp.AspNetCore.UI.AntDesign.WebAssembly.csproj", "{E7300143-05EF-482E-8872-FBAB8E0BE85B}"
EndProject
Project("{9A19103F-16F7-4668-BE54-9A1E7A4F7556}") = "Tc.Abp.AspNetCore.UI.BootstrapBlazor", "src\Tc.Abp.AspNetCore.UI.BootstrapBlazor\Tc.Abp.AspNetCore.UI.BootstrapBlazor.csproj", "{53BC3A12-92FD-48C2-A7BF-B22AB6F7B71E}"
EndProject
Project("{9A19103F-16F7-4668-BE54-9A1E7A4F7556}") = "Tc.Abp.AspNetCore.UI.BootstrapBlazor.Server", "src\Tc.Abp.AspNetCore.UI.BootstrapBlazor.Server\Tc.Abp.AspNetCore.UI.BootstrapBlazor.Server.csproj", "{9AA2D4C3-05F8-4288-BC8E-DD436719937C}"
EndProject
Project("{9A19103F-16F7-4668-BE54-9A1E7A4F7556}") = "Tc.Abp.AspNetCore.UI.BootstrapBlazor.WebAssembly", "src\Tc.Abp.AspNetCore.UI.BootstrapBlazor.WebAssembly\Tc.Abp.AspNetCore.UI.BootstrapBlazor.WebAssembly.csproj", "{CD09787E-66AE-4F4E-9F36-FA66E185608D}"
EndProject
Global
	GlobalSection(SolutionConfigurationPlatforms) = preSolution
		Debug|Any CPU = Debug|Any CPU
		Release|Any CPU = Release|Any CPU
	EndGlobalSection
	GlobalSection(ProjectConfigurationPlatforms) = postSolution
		{C367092C-11B8-4514-A72E-BAEF5BF62149}.Debug|Any CPU.ActiveCfg = Debug|Any CPU
		{C367092C-11B8-4514-A72E-BAEF5BF62149}.Debug|Any CPU.Build.0 = Debug|Any CPU
		{C367092C-11B8-4514-A72E-BAEF5BF62149}.Release|Any CPU.ActiveCfg = Release|Any CPU
		{C367092C-11B8-4514-A72E-BAEF5BF62149}.Release|Any CPU.Build.0 = Release|Any CPU
		{4D94F07F-EC4D-4F07-88D7-070478CFC1C6}.Debug|Any CPU.ActiveCfg = Debug|Any CPU
		{4D94F07F-EC4D-4F07-88D7-070478CFC1C6}.Debug|Any CPU.Build.0 = Debug|Any CPU
		{4D94F07F-EC4D-4F07-88D7-070478CFC1C6}.Release|Any CPU.ActiveCfg = Release|Any CPU
		{4D94F07F-EC4D-4F07-88D7-070478CFC1C6}.Release|Any CPU.Build.0 = Release|Any CPU
		{61DEF20E-1876-483B-A081-87F563CA9EFA}.Debug|Any CPU.ActiveCfg = Debug|Any CPU
		{61DEF20E-1876-483B-A081-87F563CA9EFA}.Debug|Any CPU.Build.0 = Debug|Any CPU
		{61DEF20E-1876-483B-A081-87F563CA9EFA}.Release|Any CPU.ActiveCfg = Release|Any CPU
		{61DEF20E-1876-483B-A081-87F563CA9EFA}.Release|Any CPU.Build.0 = Release|Any CPU
		{30C8BE8D-06D3-42DA-B644-46F8ACEE6BD6}.Debug|Any CPU.ActiveCfg = Debug|Any CPU
		{30C8BE8D-06D3-42DA-B644-46F8ACEE6BD6}.Debug|Any CPU.Build.0 = Debug|Any CPU
		{30C8BE8D-06D3-42DA-B644-46F8ACEE6BD6}.Release|Any CPU.ActiveCfg = Release|Any CPU
		{30C8BE8D-06D3-42DA-B644-46F8ACEE6BD6}.Release|Any CPU.Build.0 = Release|Any CPU
		{F998B192-5A96-4981-8CDB-4F90A269151F}.Debug|Any CPU.ActiveCfg = Debug|Any CPU
		{F998B192-5A96-4981-8CDB-4F90A269151F}.Debug|Any CPU.Build.0 = Debug|Any CPU
		{F998B192-5A96-4981-8CDB-4F90A269151F}.Release|Any CPU.ActiveCfg = Release|Any CPU
		{F998B192-5A96-4981-8CDB-4F90A269151F}.Release|Any CPU.Build.0 = Release|Any CPU
		{8C1CF319-D5C6-4D86-91EB-F327C1087473}.Debug|Any CPU.ActiveCfg = Debug|Any CPU
		{8C1CF319-D5C6-4D86-91EB-F327C1087473}.Debug|Any CPU.Build.0 = Debug|Any CPU
		{8C1CF319-D5C6-4D86-91EB-F327C1087473}.Release|Any CPU.ActiveCfg = Release|Any CPU
		{8C1CF319-D5C6-4D86-91EB-F327C1087473}.Release|Any CPU.Build.0 = Release|Any CPU
		{9B88557B-5D5B-485A-87EC-BAC6064E2B4E}.Debug|Any CPU.ActiveCfg = Debug|Any CPU
		{9B88557B-5D5B-485A-87EC-BAC6064E2B4E}.Debug|Any CPU.Build.0 = Debug|Any CPU
		{9B88557B-5D5B-485A-87EC-BAC6064E2B4E}.Release|Any CPU.ActiveCfg = Release|Any CPU
		{9B88557B-5D5B-485A-87EC-BAC6064E2B4E}.Release|Any CPU.Build.0 = Release|Any CPU
		{196A25F1-4B2E-4D2F-9D78-FBB071D6B613}.Debug|Any CPU.ActiveCfg = Debug|Any CPU
		{196A25F1-4B2E-4D2F-9D78-FBB071D6B613}.Debug|Any CPU.Build.0 = Debug|Any CPU
		{196A25F1-4B2E-4D2F-9D78-FBB071D6B613}.Release|Any CPU.ActiveCfg = Release|Any CPU
		{196A25F1-4B2E-4D2F-9D78-FBB071D6B613}.Release|Any CPU.Build.0 = Release|Any CPU
		{74953A78-862A-47C2-A30A-25B13BE174A1}.Debug|Any CPU.ActiveCfg = Debug|Any CPU
		{74953A78-862A-47C2-A30A-25B13BE174A1}.Debug|Any CPU.Build.0 = Debug|Any CPU
		{74953A78-862A-47C2-A30A-25B13BE174A1}.Release|Any CPU.ActiveCfg = Release|Any CPU
		{74953A78-862A-47C2-A30A-25B13BE174A1}.Release|Any CPU.Build.0 = Release|Any CPU
		{CE394D42-5DE3-4323-AB42-868B6DFE8A90}.Debug|Any CPU.ActiveCfg = Debug|Any CPU
		{CE394D42-5DE3-4323-AB42-868B6DFE8A90}.Debug|Any CPU.Build.0 = Debug|Any CPU
		{CE394D42-5DE3-4323-AB42-868B6DFE8A90}.Release|Any CPU.ActiveCfg = Release|Any CPU
		{CE394D42-5DE3-4323-AB42-868B6DFE8A90}.Release|Any CPU.Build.0 = Release|Any CPU
		{651CFDEA-86DD-4126-B310-0D44ED3821BC}.Debug|Any CPU.ActiveCfg = Debug|Any CPU
		{651CFDEA-86DD-4126-B310-0D44ED3821BC}.Debug|Any CPU.Build.0 = Debug|Any CPU
		{651CFDEA-86DD-4126-B310-0D44ED3821BC}.Release|Any CPU.ActiveCfg = Release|Any CPU
		{651CFDEA-86DD-4126-B310-0D44ED3821BC}.Release|Any CPU.Build.0 = Release|Any CPU
		{5F76E0A8-5FB9-4094-91B8-8E3A35B68CE9}.Debug|Any CPU.ActiveCfg = Debug|Any CPU
		{5F76E0A8-5FB9-4094-91B8-8E3A35B68CE9}.Debug|Any CPU.Build.0 = Debug|Any CPU
		{5F76E0A8-5FB9-4094-91B8-8E3A35B68CE9}.Release|Any CPU.ActiveCfg = Release|Any CPU
		{5F76E0A8-5FB9-4094-91B8-8E3A35B68CE9}.Release|Any CPU.Build.0 = Release|Any CPU
		{F16E860B-AF48-410B-BEAA-334EAF5E744B}.Debug|Any CPU.ActiveCfg = Debug|Any CPU
		{F16E860B-AF48-410B-BEAA-334EAF5E744B}.Debug|Any CPU.Build.0 = Debug|Any CPU
		{F16E860B-AF48-410B-BEAA-334EAF5E744B}.Release|Any CPU.ActiveCfg = Release|Any CPU
		{F16E860B-AF48-410B-BEAA-334EAF5E744B}.Release|Any CPU.Build.0 = Release|Any CPU
		{63C82BAB-0DE6-4E63-B50A-9111C48D7FD7}.Debug|Any CPU.ActiveCfg = Debug|Any CPU
		{63C82BAB-0DE6-4E63-B50A-9111C48D7FD7}.Debug|Any CPU.Build.0 = Debug|Any CPU
		{63C82BAB-0DE6-4E63-B50A-9111C48D7FD7}.Release|Any CPU.ActiveCfg = Release|Any CPU
		{63C82BAB-0DE6-4E63-B50A-9111C48D7FD7}.Release|Any CPU.Build.0 = Release|Any CPU
		{4002953B-7F20-4DAD-BF2B-F410EE01DEBE}.Debug|Any CPU.ActiveCfg = Debug|Any CPU
		{4002953B-7F20-4DAD-BF2B-F410EE01DEBE}.Debug|Any CPU.Build.0 = Debug|Any CPU
		{4002953B-7F20-4DAD-BF2B-F410EE01DEBE}.Release|Any CPU.ActiveCfg = Release|Any CPU
		{4002953B-7F20-4DAD-BF2B-F410EE01DEBE}.Release|Any CPU.Build.0 = Release|Any CPU
		{271E3B94-BAA2-48B0-9FA6-7412663985DD}.Debug|Any CPU.ActiveCfg = Debug|Any CPU
		{271E3B94-BAA2-48B0-9FA6-7412663985DD}.Debug|Any CPU.Build.0 = Debug|Any CPU
		{271E3B94-BAA2-48B0-9FA6-7412663985DD}.Debug|Any CPU.Deploy.0 = Debug|Any CPU
		{271E3B94-BAA2-48B0-9FA6-7412663985DD}.Release|Any CPU.ActiveCfg = Release|Any CPU
		{271E3B94-BAA2-48B0-9FA6-7412663985DD}.Release|Any CPU.Build.0 = Release|Any CPU
		{271E3B94-BAA2-48B0-9FA6-7412663985DD}.Release|Any CPU.Deploy.0 = Release|Any CPU
		{A05BA3FC-4997-4968-A2AC-24BEBDB7C616}.Debug|Any CPU.ActiveCfg = Debug|Any CPU
		{A05BA3FC-4997-4968-A2AC-24BEBDB7C616}.Debug|Any CPU.Build.0 = Debug|Any CPU
		{A05BA3FC-4997-4968-A2AC-24BEBDB7C616}.Release|Any CPU.ActiveCfg = Release|Any CPU
		{A05BA3FC-4997-4968-A2AC-24BEBDB7C616}.Release|Any CPU.Build.0 = Release|Any CPU
		{0476B2E9-DEEC-401A-8933-599E74BC5830}.Debug|Any CPU.ActiveCfg = Debug|Any CPU
		{0476B2E9-DEEC-401A-8933-599E74BC5830}.Debug|Any CPU.Build.0 = Debug|Any CPU
		{0476B2E9-DEEC-401A-8933-599E74BC5830}.Release|Any CPU.ActiveCfg = Release|Any CPU
		{0476B2E9-DEEC-401A-8933-599E74BC5830}.Release|Any CPU.Build.0 = Release|Any CPU
		{EF85EB33-B488-436D-BE3A-30E5F796AF14}.Debug|Any CPU.ActiveCfg = Debug|Any CPU
		{EF85EB33-B488-436D-BE3A-30E5F796AF14}.Debug|Any CPU.Build.0 = Debug|Any CPU
		{EF85EB33-B488-436D-BE3A-30E5F796AF14}.Release|Any CPU.ActiveCfg = Release|Any CPU
		{EF85EB33-B488-436D-BE3A-30E5F796AF14}.Release|Any CPU.Build.0 = Release|Any CPU
		{E7300143-05EF-482E-8872-FBAB8E0BE85B}.Debug|Any CPU.ActiveCfg = Debug|Any CPU
		{E7300143-05EF-482E-8872-FBAB8E0BE85B}.Debug|Any CPU.Build.0 = Debug|Any CPU
		{E7300143-05EF-482E-8872-FBAB8E0BE85B}.Release|Any CPU.ActiveCfg = Release|Any CPU
		{E7300143-05EF-482E-8872-FBAB8E0BE85B}.Release|Any CPU.Build.0 = Release|Any CPU
		{53BC3A12-92FD-48C2-A7BF-B22AB6F7B71E}.Debug|Any CPU.ActiveCfg = Debug|Any CPU
		{53BC3A12-92FD-48C2-A7BF-B22AB6F7B71E}.Debug|Any CPU.Build.0 = Debug|Any CPU
		{53BC3A12-92FD-48C2-A7BF-B22AB6F7B71E}.Release|Any CPU.ActiveCfg = Release|Any CPU
		{53BC3A12-92FD-48C2-A7BF-B22AB6F7B71E}.Release|Any CPU.Build.0 = Release|Any CPU
		{9AA2D4C3-05F8-4288-BC8E-DD436719937C}.Debug|Any CPU.ActiveCfg = Debug|Any CPU
		{9AA2D4C3-05F8-4288-BC8E-DD436719937C}.Debug|Any CPU.Build.0 = Debug|Any CPU
		{9AA2D4C3-05F8-4288-BC8E-DD436719937C}.Release|Any CPU.ActiveCfg = Release|Any CPU
		{9AA2D4C3-05F8-4288-BC8E-DD436719937C}.Release|Any CPU.Build.0 = Release|Any CPU
		{CD09787E-66AE-4F4E-9F36-FA66E185608D}.Debug|Any CPU.ActiveCfg = Debug|Any CPU
		{CD09787E-66AE-4F4E-9F36-FA66E185608D}.Debug|Any CPU.Build.0 = Debug|Any CPU
		{CD09787E-66AE-4F4E-9F36-FA66E185608D}.Release|Any CPU.ActiveCfg = Release|Any CPU
		{CD09787E-66AE-4F4E-9F36-FA66E185608D}.Release|Any CPU.Build.0 = Release|Any CPU
	EndGlobalSection
	GlobalSection(SolutionProperties) = preSolution
		HideSolutionNode = FALSE
	EndGlobalSection
	GlobalSection(NestedProjects) = preSolution
		{C367092C-11B8-4514-A72E-BAEF5BF62149} = {D591FBD3-A696-47EA-85BE-C2F0CDADC909}
		{4D94F07F-EC4D-4F07-88D7-070478CFC1C6} = {D591FBD3-A696-47EA-85BE-C2F0CDADC909}
		{5B73DF27-62A2-4FB3-9828-36E9A661405D} = {10573898-C27B-4314-9809-91427FF9CBA5}
		{61DEF20E-1876-483B-A081-87F563CA9EFA} = {5B73DF27-62A2-4FB3-9828-36E9A661405D}
		{30C8BE8D-06D3-42DA-B644-46F8ACEE6BD6} = {5B73DF27-62A2-4FB3-9828-36E9A661405D}
		{F998B192-5A96-4981-8CDB-4F90A269151F} = {5B73DF27-62A2-4FB3-9828-36E9A661405D}
		{3F12EA85-F10A-402A-B48F-FC3D4C16B463} = {10573898-C27B-4314-9809-91427FF9CBA5}
		{10573898-C27B-4314-9809-91427FF9CBA5} = {D591FBD3-A696-47EA-85BE-C2F0CDADC909}
		{8C1CF319-D5C6-4D86-91EB-F327C1087473} = {3F12EA85-F10A-402A-B48F-FC3D4C16B463}
		{A305BECD-B3CE-4EFE-819C-A2771B1C4471} = {10573898-C27B-4314-9809-91427FF9CBA5}
		{9B88557B-5D5B-485A-87EC-BAC6064E2B4E} = {3F12EA85-F10A-402A-B48F-FC3D4C16B463}
		{196A25F1-4B2E-4D2F-9D78-FBB071D6B613} = {3F12EA85-F10A-402A-B48F-FC3D4C16B463}
		{6B2E390B-8B4E-4C18-93D9-D171D64C0264} = {10573898-C27B-4314-9809-91427FF9CBA5}
		{74953A78-862A-47C2-A30A-25B13BE174A1} = {6B2E390B-8B4E-4C18-93D9-D171D64C0264}
		{CE394D42-5DE3-4323-AB42-868B6DFE8A90} = {6B2E390B-8B4E-4C18-93D9-D171D64C0264}
		{651CFDEA-86DD-4126-B310-0D44ED3821BC} = {6B2E390B-8B4E-4C18-93D9-D171D64C0264}
		{8BC73211-226F-4317-AF57-486EFFA112A7} = {10573898-C27B-4314-9809-91427FF9CBA5}
		{5F76E0A8-5FB9-4094-91B8-8E3A35B68CE9} = {C37D0D30-9521-4556-A94F-92B42067E10C}
		{F16E860B-AF48-410B-BEAA-334EAF5E744B} = {C37D0D30-9521-4556-A94F-92B42067E10C}
		{63C82BAB-0DE6-4E63-B50A-9111C48D7FD7} = {C37D0D30-9521-4556-A94F-92B42067E10C}
		{4002953B-7F20-4DAD-BF2B-F410EE01DEBE} = {C37D0D30-9521-4556-A94F-92B42067E10C}
		{271E3B94-BAA2-48B0-9FA6-7412663985DD} = {C37D0D30-9521-4556-A94F-92B42067E10C}
		{A05BA3FC-4997-4968-A2AC-24BEBDB7C616} = {D591FBD3-A696-47EA-85BE-C2F0CDADC909}
		{0476B2E9-DEEC-401A-8933-599E74BC5830} = {8BC73211-226F-4317-AF57-486EFFA112A7}
		{EF85EB33-B488-436D-BE3A-30E5F796AF14} = {8BC73211-226F-4317-AF57-486EFFA112A7}
		{E7300143-05EF-482E-8872-FBAB8E0BE85B} = {8BC73211-226F-4317-AF57-486EFFA112A7}
		{53BC3A12-92FD-48C2-A7BF-B22AB6F7B71E} = {A305BECD-B3CE-4EFE-819C-A2771B1C4471}
		{9AA2D4C3-05F8-4288-BC8E-DD436719937C} = {A305BECD-B3CE-4EFE-819C-A2771B1C4471}
		{CD09787E-66AE-4F4E-9F36-FA66E185608D} = {A305BECD-B3CE-4EFE-819C-A2771B1C4471}
	EndGlobalSection
	GlobalSection(ExtensibilityGlobals) = postSolution
		SolutionGuid = {B9C37538-048D-454E-87ED-D5DBE05E68E2}
	EndGlobalSection
EndGlobal
