
Microsoft Visual Studio Solution File, Format Version 12.00
# Visual Studio Version 17
VisualStudioVersion = 17.3.32825.248
MinimumVisualStudioVersion = 10.0.40219.1
Project("{9A19103F-16F7-4668-BE54-9A1E7A4F7556}") = "Tc.Abp.AspNetCore.Components.Server", "src\Tc.Abp.AspNetCore.Components.Server\Tc.Abp.AspNetCore.Components.Server.csproj", "{C367092C-11B8-4514-A72E-BAEF5BF62149}"
EndProject
Project("{9A19103F-16F7-4668-BE54-9A1E7A4F7556}") = "Tc.Abp.AspNetCore.Components.WebAssembly", "src\Tc.Abp.AspNetCore.Components.WebAssembly\Tc.Abp.AspNetCore.Components.WebAssembly.csproj", "{4D94F07F-EC4D-4F07-88D7-070478CFC1C6}"
EndProject
Project("{2150E333-8FDC-42A3-9474-1A3956D46DE8}") = "MudBlazor", "MudBlazor", "{5B73DF27-62A2-4FB3-9828-36E9A661405D}"
EndProject
Project("{9A19103F-16F7-4668-BE54-9A1E7A4F7556}") = "Tc.Abp.UI.MudBlazor", "src\Tc.Abp.UI.MudBlazor\Tc.Abp.UI.MudBlazor.csproj", "{61DEF20E-1876-483B-A081-87F563CA9EFA}"
EndProject
Project("{9A19103F-16F7-4668-BE54-9A1E7A4F7556}") = "Tc.Abp.UI", "src\Tc.Abp.UI\Tc.Abp.UI.csproj", "{65E67B1D-5BBD-4D46-AA79-2682AC02FD18}"
EndProject
Project("{9A19103F-16F7-4668-BE54-9A1E7A4F7556}") = "Tc.Abp.UI.MudBlazor.Server", "src\Tc.Abp.UI.MudBlazor.Server\Tc.Abp.UI.MudBlazor.Server.csproj", "{30C8BE8D-06D3-42DA-B644-46F8ACEE6BD6}"
EndProject
Project("{9A19103F-16F7-4668-BE54-9A1E7A4F7556}") = "Tc.Abp.UI.MudBlazor.WebAssembly", "src\Tc.Abp.UI.MudBlazor.WebAssembly\Tc.Abp.UI.MudBlazor.WebAssembly.csproj", "{F998B192-5A96-4981-8CDB-4F90A269151F}"
EndProject
Project("{2150E333-8FDC-42A3-9474-1A3956D46DE8}") = "Radzen", "Radzen", "{3F12EA85-F10A-402A-B48F-FC3D4C16B463}"
EndProject
Project("{2150E333-8FDC-42A3-9474-1A3956D46DE8}") = "Providers", "Providers", "{10573898-C27B-4314-9809-91427FF9CBA5}"
EndProject
Project("{9A19103F-16F7-4668-BE54-9A1E7A4F7556}") = "Tc.Abp.UI.Radzen", "src\Tc.Abp.UI.Radzen\Tc.Abp.UI.Radzen.csproj", "{8C1CF319-D5C6-4D86-91EB-F327C1087473}"
EndProject
Project("{2150E333-8FDC-42A3-9474-1A3956D46DE8}") = "BootstrapBlazor", "BootstrapBlazor", "{A305BECD-B3CE-4EFE-819C-A2771B1C4471}"
EndProject
Project("{9A19103F-16F7-4668-BE54-9A1E7A4F7556}") = "Tc.Abp.UI.BootstrapBlazor", "src\Tc.Abp.UI.BootstrapBlazor\Tc.Abp.UI.BootstrapBlazor.csproj", "{8C4C5873-8C8B-4625-94F7-7F2A0483893B}"
EndProject
Project("{9A19103F-16F7-4668-BE54-9A1E7A4F7556}") = "Tc.Abp.UI.Radzen.Server", "src\Tc.Abp.UI.Radzen.Server\Tc.Abp.UI.Radzen.Server.csproj", "{9B88557B-5D5B-485A-87EC-BAC6064E2B4E}"
EndProject
Project("{9A19103F-16F7-4668-BE54-9A1E7A4F7556}") = "Tc.Abp.UI.Radzen.WebAssembly", "src\Tc.Abp.UI.Radzen.WebAssembly\Tc.Abp.UI.Radzen.WebAssembly.csproj", "{196A25F1-4B2E-4D2F-9D78-FBB071D6B613}"
EndProject
Project("{9A19103F-16F7-4668-BE54-9A1E7A4F7556}") = "Tc.Abp.UI.BootstrapBlazor.Server", "src\Tc.Abp.UI.BootstrapBlazor.Server\Tc.Abp.UI.BootstrapBlazor.Server.csproj", "{2B8F2ED5-E1E1-4C10-9674-B9513FF9618A}"
EndProject
Project("{9A19103F-16F7-4668-BE54-9A1E7A4F7556}") = "Tc.Abp.UI.BootstrapBlazor.WebAssembly", "src\Tc.Abp.UI.BootstrapBlazor.WebAssembly\Tc.Abp.UI.BootstrapBlazor.WebAssembly.csproj", "{05D4D315-E13C-4EAF-B086-9ED38C44A2C2}"
EndProject
Project("{2150E333-8FDC-42A3-9474-1A3956D46DE8}") = "MasaBlazor", "MasaBlazor", "{6B2E390B-8B4E-4C18-93D9-D171D64C0264}"
EndProject
Project("{9A19103F-16F7-4668-BE54-9A1E7A4F7556}") = "Tc.Abp.UI.MasaBlazor", "src\Tc.Abp.UI.MasaBlazor\Tc.Abp.UI.MasaBlazor.csproj", "{74953A78-862A-47C2-A30A-25B13BE174A1}"
EndProject
Project("{9A19103F-16F7-4668-BE54-9A1E7A4F7556}") = "Tc.Abp.UI.MasaBlazor.Server", "src\Tc.Abp.UI.MasaBlazor.Server\Tc.Abp.UI.MasaBlazor.Server.csproj", "{CE394D42-5DE3-4323-AB42-868B6DFE8A90}"
EndProject
Project("{9A19103F-16F7-4668-BE54-9A1E7A4F7556}") = "Tc.Abp.UI.MasaBlazor.WebAssembly", "src\Tc.Abp.UI.MasaBlazor.WebAssembly\Tc.Abp.UI.MasaBlazor.WebAssembly.csproj", "{651CFDEA-86DD-4126-B310-0D44ED3821BC}"
EndProject
Project("{2150E333-8FDC-42A3-9474-1A3956D46DE8}") = "AntDesign", "AntDesign", "{8BC73211-226F-4317-AF57-486EFFA112A7}"
EndProject
Project("{9A19103F-16F7-4668-BE54-9A1E7A4F7556}") = "Tc.Abp.UI.AntDesign", "src\Tc.Abp.UI.AntDesign\Tc.Abp.UI.AntDesign.csproj", "{922A54BF-9D81-409F-8BB7-605D9071BA29}"
EndProject
Project("{9A19103F-16F7-4668-BE54-9A1E7A4F7556}") = "Tc.Abp.UI.AntDesign.Server", "src\Tc.Abp.UI.AntDesign.Server\Tc.Abp.UI.AntDesign.Server.csproj", "{50541E66-6E9E-4631-A154-7DA37375F204}"
EndProject
Project("{9A19103F-16F7-4668-BE54-9A1E7A4F7556}") = "Tc.Abp.UI.AntDesign.WebAssembly", "src\Tc.Abp.UI.AntDesign.WebAssembly\Tc.Abp.UI.AntDesign.WebAssembly.csproj", "{F634E027-362D-4A81-AB7C-E6A89050690D}"
EndProject
Project("{2150E333-8FDC-42A3-9474-1A3956D46DE8}") = "src", "src", "{D591FBD3-A696-47EA-85BE-C2F0CDADC909}"
EndProject
Project("{2150E333-8FDC-42A3-9474-1A3956D46DE8}") = "samples", "samples", "{C37D0D30-9521-4556-A94F-92B42067E10C}"
EndProject
Project("{9A19103F-16F7-4668-BE54-9A1E7A4F7556}") = "MyCompanyName.MyProjectName.Blazor.Shared", "templates\app-nolayers\aspnet-core\MyCompanyName.MyProjectName.Blazor.Shared\MyCompanyName.MyProjectName.Blazor.Shared.csproj", "{5F76E0A8-5FB9-4094-91B8-8E3A35B68CE9}"
EndProject
Project("{9A19103F-16F7-4668-BE54-9A1E7A4F7556}") = "MyCompanyName.MyProjectName.Blazor.Server.Host", "templates\app-nolayers\aspnet-core\MyCompanyName.MyProjectName.Blazor.Server.Host\MyCompanyName.MyProjectName.Blazor.Server.Host.csproj", "{F16E860B-AF48-410B-BEAA-334EAF5E744B}"
EndProject
Project("{9A19103F-16F7-4668-BE54-9A1E7A4F7556}") = "MyCompanyName.MyProjectName.Host", "templates\app-nolayers\aspnet-core\MyCompanyName.MyProjectName.Host\MyCompanyName.MyProjectName.Host.csproj", "{63C82BAB-0DE6-4E63-B50A-9111C48D7FD7}"
EndProject
Project("{9A19103F-16F7-4668-BE54-9A1E7A4F7556}") = "MyCompanyName.MyProjectName.Blazor", "templates\app-nolayers\aspnet-core\MyCompanyName.MyProjectName.Blazor\MyCompanyName.MyProjectName.Blazor.csproj", "{4002953B-7F20-4DAD-BF2B-F410EE01DEBE}"
EndProject
Project("{FAE04EC0-301F-11D3-BF4B-00C04F79EFBC}") = "MyCompanyName.MyProjectName.MauiBlazor", "templates\app-nolayers\aspnet-core\MyCompanyName.MyProjectName.MauiBlazor\MyCompanyName.MyProjectName.MauiBlazor.csproj", "{ACF465C7-4787-466D-AF6A-C46DDC7AF480}"
EndProject
Global
	GlobalSection(SolutionConfigurationPlatforms) = preSolution
		Debug|Any CPU = Debug|Any CPU
		Release|Any CPU = Release|Any CPU
	EndGlobalSection
	GlobalSection(ProjectConfigurationPlatforms) = postSolution
		{C367092C-11B8-4514-A72E-BAEF5BF62149}.Debug|Any CPU.ActiveCfg = Debug|Any CPU
		{C367092C-11B8-4514-A72E-BAEF5BF62149}.Debug|Any CPU.Build.0 = Debug|Any CPU
		{C367092C-11B8-4514-A72E-BAEF5BF62149}.Release|Any CPU.ActiveCfg = Release|Any CPU
		{C367092C-11B8-4514-A72E-BAEF5BF62149}.Release|Any CPU.Build.0 = Release|Any CPU
		{4D94F07F-EC4D-4F07-88D7-070478CFC1C6}.Debug|Any CPU.ActiveCfg = Debug|Any CPU
		{4D94F07F-EC4D-4F07-88D7-070478CFC1C6}.Debug|Any CPU.Build.0 = Debug|Any CPU
		{4D94F07F-EC4D-4F07-88D7-070478CFC1C6}.Release|Any CPU.ActiveCfg = Release|Any CPU
		{4D94F07F-EC4D-4F07-88D7-070478CFC1C6}.Release|Any CPU.Build.0 = Release|Any CPU
		{61DEF20E-1876-483B-A081-87F563CA9EFA}.Debug|Any CPU.ActiveCfg = Debug|Any CPU
		{61DEF20E-1876-483B-A081-87F563CA9EFA}.Debug|Any CPU.Build.0 = Debug|Any CPU
		{61DEF20E-1876-483B-A081-87F563CA9EFA}.Release|Any CPU.ActiveCfg = Release|Any CPU
		{61DEF20E-1876-483B-A081-87F563CA9EFA}.Release|Any CPU.Build.0 = Release|Any CPU
		{65E67B1D-5BBD-4D46-AA79-2682AC02FD18}.Debug|Any CPU.ActiveCfg = Debug|Any CPU
		{65E67B1D-5BBD-4D46-AA79-2682AC02FD18}.Debug|Any CPU.Build.0 = Debug|Any CPU
		{65E67B1D-5BBD-4D46-AA79-2682AC02FD18}.Release|Any CPU.ActiveCfg = Release|Any CPU
		{65E67B1D-5BBD-4D46-AA79-2682AC02FD18}.Release|Any CPU.Build.0 = Release|Any CPU
		{30C8BE8D-06D3-42DA-B644-46F8ACEE6BD6}.Debug|Any CPU.ActiveCfg = Debug|Any CPU
		{30C8BE8D-06D3-42DA-B644-46F8ACEE6BD6}.Debug|Any CPU.Build.0 = Debug|Any CPU
		{30C8BE8D-06D3-42DA-B644-46F8ACEE6BD6}.Release|Any CPU.ActiveCfg = Release|Any CPU
		{30C8BE8D-06D3-42DA-B644-46F8ACEE6BD6}.Release|Any CPU.Build.0 = Release|Any CPU
		{F998B192-5A96-4981-8CDB-4F90A269151F}.Debug|Any CPU.ActiveCfg = Debug|Any CPU
		{F998B192-5A96-4981-8CDB-4F90A269151F}.Debug|Any CPU.Build.0 = Debug|Any CPU
		{F998B192-5A96-4981-8CDB-4F90A269151F}.Release|Any CPU.ActiveCfg = Release|Any CPU
		{F998B192-5A96-4981-8CDB-4F90A269151F}.Release|Any CPU.Build.0 = Release|Any CPU
		{8C1CF319-D5C6-4D86-91EB-F327C1087473}.Debug|Any CPU.ActiveCfg = Debug|Any CPU
		{8C1CF319-D5C6-4D86-91EB-F327C1087473}.Debug|Any CPU.Build.0 = Debug|Any CPU
		{8C1CF319-D5C6-4D86-91EB-F327C1087473}.Release|Any CPU.ActiveCfg = Release|Any CPU
		{8C1CF319-D5C6-4D86-91EB-F327C1087473}.Release|Any CPU.Build.0 = Release|Any CPU
		{8C4C5873-8C8B-4625-94F7-7F2A0483893B}.Debug|Any CPU.ActiveCfg = Debug|Any CPU
		{8C4C5873-8C8B-4625-94F7-7F2A0483893B}.Debug|Any CPU.Build.0 = Debug|Any CPU
		{8C4C5873-8C8B-4625-94F7-7F2A0483893B}.Release|Any CPU.ActiveCfg = Release|Any CPU
		{8C4C5873-8C8B-4625-94F7-7F2A0483893B}.Release|Any CPU.Build.0 = Release|Any CPU
		{9B88557B-5D5B-485A-87EC-BAC6064E2B4E}.Debug|Any CPU.ActiveCfg = Debug|Any CPU
		{9B88557B-5D5B-485A-87EC-BAC6064E2B4E}.Debug|Any CPU.Build.0 = Debug|Any CPU
		{9B88557B-5D5B-485A-87EC-BAC6064E2B4E}.Release|Any CPU.ActiveCfg = Release|Any CPU
		{9B88557B-5D5B-485A-87EC-BAC6064E2B4E}.Release|Any CPU.Build.0 = Release|Any CPU
		{196A25F1-4B2E-4D2F-9D78-FBB071D6B613}.Debug|Any CPU.ActiveCfg = Debug|Any CPU
		{196A25F1-4B2E-4D2F-9D78-FBB071D6B613}.Debug|Any CPU.Build.0 = Debug|Any CPU
		{196A25F1-4B2E-4D2F-9D78-FBB071D6B613}.Release|Any CPU.ActiveCfg = Release|Any CPU
		{196A25F1-4B2E-4D2F-9D78-FBB071D6B613}.Release|Any CPU.Build.0 = Release|Any CPU
		{2B8F2ED5-E1E1-4C10-9674-B9513FF9618A}.Debug|Any CPU.ActiveCfg = Debug|Any CPU
		{2B8F2ED5-E1E1-4C10-9674-B9513FF9618A}.Debug|Any CPU.Build.0 = Debug|Any CPU
		{2B8F2ED5-E1E1-4C10-9674-B9513FF9618A}.Release|Any CPU.ActiveCfg = Release|Any CPU
		{2B8F2ED5-E1E1-4C10-9674-B9513FF9618A}.Release|Any CPU.Build.0 = Release|Any CPU
		{05D4D315-E13C-4EAF-B086-9ED38C44A2C2}.Debug|Any CPU.ActiveCfg = Debug|Any CPU
		{05D4D315-E13C-4EAF-B086-9ED38C44A2C2}.Debug|Any CPU.Build.0 = Debug|Any CPU
		{05D4D315-E13C-4EAF-B086-9ED38C44A2C2}.Release|Any CPU.ActiveCfg = Release|Any CPU
		{05D4D315-E13C-4EAF-B086-9ED38C44A2C2}.Release|Any CPU.Build.0 = Release|Any CPU
		{74953A78-862A-47C2-A30A-25B13BE174A1}.Debug|Any CPU.ActiveCfg = Debug|Any CPU
		{74953A78-862A-47C2-A30A-25B13BE174A1}.Debug|Any CPU.Build.0 = Debug|Any CPU
		{74953A78-862A-47C2-A30A-25B13BE174A1}.Release|Any CPU.ActiveCfg = Release|Any CPU
		{74953A78-862A-47C2-A30A-25B13BE174A1}.Release|Any CPU.Build.0 = Release|Any CPU
		{CE394D42-5DE3-4323-AB42-868B6DFE8A90}.Debug|Any CPU.ActiveCfg = Debug|Any CPU
		{CE394D42-5DE3-4323-AB42-868B6DFE8A90}.Debug|Any CPU.Build.0 = Debug|Any CPU
		{CE394D42-5DE3-4323-AB42-868B6DFE8A90}.Release|Any CPU.ActiveCfg = Release|Any CPU
		{CE394D42-5DE3-4323-AB42-868B6DFE8A90}.Release|Any CPU.Build.0 = Release|Any CPU
		{651CFDEA-86DD-4126-B310-0D44ED3821BC}.Debug|Any CPU.ActiveCfg = Debug|Any CPU
		{651CFDEA-86DD-4126-B310-0D44ED3821BC}.Debug|Any CPU.Build.0 = Debug|Any CPU
		{651CFDEA-86DD-4126-B310-0D44ED3821BC}.Release|Any CPU.ActiveCfg = Release|Any CPU
		{651CFDEA-86DD-4126-B310-0D44ED3821BC}.Release|Any CPU.Build.0 = Release|Any CPU
		{922A54BF-9D81-409F-8BB7-605D9071BA29}.Debug|Any CPU.ActiveCfg = Debug|Any CPU
		{922A54BF-9D81-409F-8BB7-605D9071BA29}.Debug|Any CPU.Build.0 = Debug|Any CPU
		{922A54BF-9D81-409F-8BB7-605D9071BA29}.Release|Any CPU.ActiveCfg = Release|Any CPU
		{922A54BF-9D81-409F-8BB7-605D9071BA29}.Release|Any CPU.Build.0 = Release|Any CPU
		{50541E66-6E9E-4631-A154-7DA37375F204}.Debug|Any CPU.ActiveCfg = Debug|Any CPU
		{50541E66-6E9E-4631-A154-7DA37375F204}.Debug|Any CPU.Build.0 = Debug|Any CPU
		{50541E66-6E9E-4631-A154-7DA37375F204}.Release|Any CPU.ActiveCfg = Release|Any CPU
		{50541E66-6E9E-4631-A154-7DA37375F204}.Release|Any CPU.Build.0 = Release|Any CPU
		{F634E027-362D-4A81-AB7C-E6A89050690D}.Debug|Any CPU.ActiveCfg = Debug|Any CPU
		{F634E027-362D-4A81-AB7C-E6A89050690D}.Debug|Any CPU.Build.0 = Debug|Any CPU
		{F634E027-362D-4A81-AB7C-E6A89050690D}.Release|Any CPU.ActiveCfg = Release|Any CPU
		{F634E027-362D-4A81-AB7C-E6A89050690D}.Release|Any CPU.Build.0 = Release|Any CPU
		{5F76E0A8-5FB9-4094-91B8-8E3A35B68CE9}.Debug|Any CPU.ActiveCfg = Debug|Any CPU
		{5F76E0A8-5FB9-4094-91B8-8E3A35B68CE9}.Debug|Any CPU.Build.0 = Debug|Any CPU
		{5F76E0A8-5FB9-4094-91B8-8E3A35B68CE9}.Release|Any CPU.ActiveCfg = Release|Any CPU
		{5F76E0A8-5FB9-4094-91B8-8E3A35B68CE9}.Release|Any CPU.Build.0 = Release|Any CPU
		{F16E860B-AF48-410B-BEAA-334EAF5E744B}.Debug|Any CPU.ActiveCfg = Debug|Any CPU
		{F16E860B-AF48-410B-BEAA-334EAF5E744B}.Debug|Any CPU.Build.0 = Debug|Any CPU
		{F16E860B-AF48-410B-BEAA-334EAF5E744B}.Release|Any CPU.ActiveCfg = Release|Any CPU
		{F16E860B-AF48-410B-BEAA-334EAF5E744B}.Release|Any CPU.Build.0 = Release|Any CPU
		{63C82BAB-0DE6-4E63-B50A-9111C48D7FD7}.Debug|Any CPU.ActiveCfg = Debug|Any CPU
		{63C82BAB-0DE6-4E63-B50A-9111C48D7FD7}.Debug|Any CPU.Build.0 = Debug|Any CPU
		{63C82BAB-0DE6-4E63-B50A-9111C48D7FD7}.Release|Any CPU.ActiveCfg = Release|Any CPU
		{63C82BAB-0DE6-4E63-B50A-9111C48D7FD7}.Release|Any CPU.Build.0 = Release|Any CPU
		{4002953B-7F20-4DAD-BF2B-F410EE01DEBE}.Debug|Any CPU.ActiveCfg = Debug|Any CPU
		{4002953B-7F20-4DAD-BF2B-F410EE01DEBE}.Debug|Any CPU.Build.0 = Debug|Any CPU
		{4002953B-7F20-4DAD-BF2B-F410EE01DEBE}.Release|Any CPU.ActiveCfg = Release|Any CPU
		{4002953B-7F20-4DAD-BF2B-F410EE01DEBE}.Release|Any CPU.Build.0 = Release|Any CPU
		{ACF465C7-4787-466D-AF6A-C46DDC7AF480}.Debug|Any CPU.ActiveCfg = Debug|Any CPU
		{ACF465C7-4787-466D-AF6A-C46DDC7AF480}.Debug|Any CPU.Build.0 = Debug|Any CPU
		{ACF465C7-4787-466D-AF6A-C46DDC7AF480}.Debug|Any CPU.Deploy.0 = Debug|Any CPU
		{ACF465C7-4787-466D-AF6A-C46DDC7AF480}.Release|Any CPU.ActiveCfg = Release|Any CPU
		{ACF465C7-4787-466D-AF6A-C46DDC7AF480}.Release|Any CPU.Build.0 = Release|Any CPU
		{ACF465C7-4787-466D-AF6A-C46DDC7AF480}.Release|Any CPU.Deploy.0 = Release|Any CPU
	EndGlobalSection
	GlobalSection(SolutionProperties) = preSolution
		HideSolutionNode = FALSE
	EndGlobalSection
	GlobalSection(NestedProjects) = preSolution
		{C367092C-11B8-4514-A72E-BAEF5BF62149} = {D591FBD3-A696-47EA-85BE-C2F0CDADC909}
		{4D94F07F-EC4D-4F07-88D7-070478CFC1C6} = {D591FBD3-A696-47EA-85BE-C2F0CDADC909}
		{5B73DF27-62A2-4FB3-9828-36E9A661405D} = {10573898-C27B-4314-9809-91427FF9CBA5}
		{61DEF20E-1876-483B-A081-87F563CA9EFA} = {5B73DF27-62A2-4FB3-9828-36E9A661405D}
		{65E67B1D-5BBD-4D46-AA79-2682AC02FD18} = {D591FBD3-A696-47EA-85BE-C2F0CDADC909}
		{30C8BE8D-06D3-42DA-B644-46F8ACEE6BD6} = {5B73DF27-62A2-4FB3-9828-36E9A661405D}
		{F998B192-5A96-4981-8CDB-4F90A269151F} = {5B73DF27-62A2-4FB3-9828-36E9A661405D}
		{3F12EA85-F10A-402A-B48F-FC3D4C16B463} = {10573898-C27B-4314-9809-91427FF9CBA5}
		{10573898-C27B-4314-9809-91427FF9CBA5} = {D591FBD3-A696-47EA-85BE-C2F0CDADC909}
		{8C1CF319-D5C6-4D86-91EB-F327C1087473} = {3F12EA85-F10A-402A-B48F-FC3D4C16B463}
		{A305BECD-B3CE-4EFE-819C-A2771B1C4471} = {10573898-C27B-4314-9809-91427FF9CBA5}
		{8C4C5873-8C8B-4625-94F7-7F2A0483893B} = {A305BECD-B3CE-4EFE-819C-A2771B1C4471}
		{9B88557B-5D5B-485A-87EC-BAC6064E2B4E} = {3F12EA85-F10A-402A-B48F-FC3D4C16B463}
		{196A25F1-4B2E-4D2F-9D78-FBB071D6B613} = {3F12EA85-F10A-402A-B48F-FC3D4C16B463}
		{2B8F2ED5-E1E1-4C10-9674-B9513FF9618A} = {A305BECD-B3CE-4EFE-819C-A2771B1C4471}
		{05D4D315-E13C-4EAF-B086-9ED38C44A2C2} = {A305BECD-B3CE-4EFE-819C-A2771B1C4471}
		{6B2E390B-8B4E-4C18-93D9-D171D64C0264} = {10573898-C27B-4314-9809-91427FF9CBA5}
		{74953A78-862A-47C2-A30A-25B13BE174A1} = {6B2E390B-8B4E-4C18-93D9-D171D64C0264}
		{CE394D42-5DE3-4323-AB42-868B6DFE8A90} = {6B2E390B-8B4E-4C18-93D9-D171D64C0264}
		{651CFDEA-86DD-4126-B310-0D44ED3821BC} = {6B2E390B-8B4E-4C18-93D9-D171D64C0264}
		{8BC73211-226F-4317-AF57-486EFFA112A7} = {10573898-C27B-4314-9809-91427FF9CBA5}
		{922A54BF-9D81-409F-8BB7-605D9071BA29} = {8BC73211-226F-4317-AF57-486EFFA112A7}
		{50541E66-6E9E-4631-A154-7DA37375F204} = {8BC73211-226F-4317-AF57-486EFFA112A7}
		{F634E027-362D-4A81-AB7C-E6A89050690D} = {8BC73211-226F-4317-AF57-486EFFA112A7}
		{5F76E0A8-5FB9-4094-91B8-8E3A35B68CE9} = {C37D0D30-9521-4556-A94F-92B42067E10C}
		{F16E860B-AF48-410B-BEAA-334EAF5E744B} = {C37D0D30-9521-4556-A94F-92B42067E10C}
		{63C82BAB-0DE6-4E63-B50A-9111C48D7FD7} = {C37D0D30-9521-4556-A94F-92B42067E10C}
		{4002953B-7F20-4DAD-BF2B-F410EE01DEBE} = {C37D0D30-9521-4556-A94F-92B42067E10C}
		{ACF465C7-4787-466D-AF6A-C46DDC7AF480} = {C37D0D30-9521-4556-A94F-92B42067E10C}
	EndGlobalSection
	GlobalSection(ExtensibilityGlobals) = postSolution
		SolutionGuid = {B9C37538-048D-454E-87ED-D5DBE05E68E2}
	EndGlobalSection
EndGlobal
